
Microsoft Visual Studio Solution File, Format Version 12.00
# Visual Studio Version 17
VisualStudioVersion = 17.4.33122.133
MinimumVisualStudioVersion = 10.0.40219.1
Project("{9A19103F-16F7-4668-BE54-9A1E7A4F7556}") = "VendingMachine.Application", "VendingMachine.Application\VendingMachine.Application.csproj", "{179EA6FA-53CE-4E94-950D-EC018BD2ABEA}"
EndProject
Project("{9A19103F-16F7-4668-BE54-9A1E7A4F7556}") = "VendingMachine.Infrastructure", "VendingMachine.Infrastructure\VendingMachine.Infrastructure.csproj", "{46B0EFED-F385-43A3-8B38-A54048900E03}"
EndProject
Project("{9A19103F-16F7-4668-BE54-9A1E7A4F7556}") = "VendingMachine.App", "VendingMachine.App\VendingMachine.App.csproj", "{46B3E11C-E66E-41D3-8ABB-BA74379109E1}"
EndProject
Project("{9A19103F-16F7-4668-BE54-9A1E7A4F7556}") = "VendingMachine.App.UnitTests", "VendingMachine.App.UnitTests\VendingMachine.App.UnitTests.csproj", "{92350943-E44F-43DA-9F37-7DD73572B4A1}"
EndProject
Project("{FAE04EC0-301F-11D3-BF4B-00C04F79EFBC}") = "VendingMachine.Application.UnitTests", "VendingMachine.Application.UnitTests\VendingMachine.Application.UnitTests.csproj", "{0A8AC624-2614-4B8A-A76D-EF17BC45BA85}"
EndProject
Global
	GlobalSection(SolutionConfigurationPlatforms) = preSolution
		Debug|Any CPU = Debug|Any CPU
		Release|Any CPU = Release|Any CPU
	EndGlobalSection
	GlobalSection(ProjectConfigurationPlatforms) = postSolution
		{179EA6FA-53CE-4E94-950D-EC018BD2ABEA}.Debug|Any CPU.ActiveCfg = Debug|Any CPU
		{179EA6FA-53CE-4E94-950D-EC018BD2ABEA}.Debug|Any CPU.Build.0 = Debug|Any CPU
		{179EA6FA-53CE-4E94-950D-EC018BD2ABEA}.Release|Any CPU.ActiveCfg = Release|Any CPU
		{179EA6FA-53CE-4E94-950D-EC018BD2ABEA}.Release|Any CPU.Build.0 = Release|Any CPU
		{46B0EFED-F385-43A3-8B38-A54048900E03}.Debug|Any CPU.ActiveCfg = Debug|Any CPU
		{46B0EFED-F385-43A3-8B38-A54048900E03}.Debug|Any CPU.Build.0 = Debug|Any CPU
		{46B0EFED-F385-43A3-8B38-A54048900E03}.Release|Any CPU.ActiveCfg = Release|Any CPU
		{46B0EFED-F385-43A3-8B38-A54048900E03}.Release|Any CPU.Build.0 = Release|Any CPU
		{46B3E11C-E66E-41D3-8ABB-BA74379109E1}.Debug|Any CPU.ActiveCfg = Debug|Any CPU
		{46B3E11C-E66E-41D3-8ABB-BA74379109E1}.Debug|Any CPU.Build.0 = Debug|Any CPU
		{46B3E11C-E66E-41D3-8ABB-BA74379109E1}.Release|Any CPU.ActiveCfg = Release|Any CPU
		{46B3E11C-E66E-41D3-8ABB-BA74379109E1}.Release|Any CPU.Build.0 = Release|Any CPU
		{92350943-E44F-43DA-9F37-7DD73572B4A1}.Debug|Any CPU.ActiveCfg = Debug|Any CPU
		{92350943-E44F-43DA-9F37-7DD73572B4A1}.Debug|Any CPU.Build.0 = Debug|Any CPU
		{92350943-E44F-43DA-9F37-7DD73572B4A1}.Release|Any CPU.ActiveCfg = Release|Any CPU
		{92350943-E44F-43DA-9F37-7DD73572B4A1}.Release|Any CPU.Build.0 = Release|Any CPU
		{0A8AC624-2614-4B8A-A76D-EF17BC45BA85}.Debug|Any CPU.ActiveCfg = Debug|Any CPU
		{0A8AC624-2614-4B8A-A76D-EF17BC45BA85}.Debug|Any CPU.Build.0 = Debug|Any CPU
		{0A8AC624-2614-4B8A-A76D-EF17BC45BA85}.Release|Any CPU.ActiveCfg = Release|Any CPU
		{0A8AC624-2614-4B8A-A76D-EF17BC45BA85}.Release|Any CPU.Build.0 = Release|Any CPU
	EndGlobalSection
	GlobalSection(SolutionProperties) = preSolution
		HideSolutionNode = FALSE
	EndGlobalSection
	GlobalSection(ExtensibilityGlobals) = postSolution
		SolutionGuid = {18CCD4D8-BC58-490D-91CD-051ECE1F9BF1}
	EndGlobalSection
EndGlobal
